// !$*UTF8*$!
{
	archiveVersion = 1;
	classes = {
	};
	objectVersion = 56;
	objects = {

/* Begin PBXBuildFile section */
		276578BB2A1CFA9B006B5B52 /* sportnewsApp.swift in Sources */ = {isa = PBXBuildFile; fileRef = 276578BA2A1CFA9B006B5B52 /* sportnewsApp.swift */; };
		276578BD2A1CFA9B006B5B52 /* ContentView.swift in Sources */ = {isa = PBXBuildFile; fileRef = 276578BC2A1CFA9B006B5B52 /* ContentView.swift */; };
		276578BF2A1CFA9C006B5B52 /* Assets.xcassets in Resources */ = {isa = PBXBuildFile; fileRef = 276578BE2A1CFA9C006B5B52 /* Assets.xcassets */; };
		276578C22A1CFA9C006B5B52 /* Preview Assets.xcassets in Resources */ = {isa = PBXBuildFile; fileRef = 276578C12A1CFA9C006B5B52 /* Preview Assets.xcassets */; };
		276578CA2A1CFAB6006B5B52 /* StatusBarController.swift in Sources */ = {isa = PBXBuildFile; fileRef = 276578C92A1CFAB6006B5B52 /* StatusBarController.swift */; };
		276578CC2A1CFAC4006B5B52 /* MainMenuView.swift in Sources */ = {isa = PBXBuildFile; fileRef = 276578CB2A1CFAC3006B5B52 /* MainMenuView.swift */; };
		276578CE2A1CFAF9006B5B52 /* AppDelegate.swift in Sources */ = {isa = PBXBuildFile; fileRef = 276578CD2A1CFAF9006B5B52 /* AppDelegate.swift */; };
		276578D02A1CFCC0006B5B52 /* Sport.deAPI.swift in Sources */ = {isa = PBXBuildFile; fileRef = 276578CF2A1CFCBF006B5B52 /* Sport.deAPI.swift */; };
		276578D22A1CFCED006B5B52 /* Logger.swift in Sources */ = {isa = PBXBuildFile; fileRef = 276578D12A1CFCED006B5B52 /* Logger.swift */; };
		276578D52A1CFE15006B5B52 /* SwiftSoup in Frameworks */ = {isa = PBXBuildFile; productRef = 276578D42A1CFE15006B5B52 /* SwiftSoup */; };
		276578D72A1CFFA8006B5B52 /* NewsView.swift in Sources */ = {isa = PBXBuildFile; fileRef = 276578D62A1CFFA8006B5B52 /* NewsView.swift */; };
		276578DA2A1D0192006B5B52 /* SportWrangler.swift in Sources */ = {isa = PBXBuildFile; fileRef = 276578D92A1D0192006B5B52 /* SportWrangler.swift */; };
		276578DD2A1D0772006B5B52 /* Kingfisher in Frameworks */ = {isa = PBXBuildFile; productRef = 276578DC2A1D0771006B5B52 /* Kingfisher */; };
		276578DF2A1D1DB7006B5B52 /* icon.png in Resources */ = {isa = PBXBuildFile; fileRef = 276578DE2A1D1DB7006B5B52 /* icon.png */; };
		276578E22A1D446F006B5B52 /* String.swift in Sources */ = {isa = PBXBuildFile; fileRef = 276578E12A1D446F006B5B52 /* String.swift */; };
		276578E42A1D4487006B5B52 /* DetailView.swift in Sources */ = {isa = PBXBuildFile; fileRef = 276578E32A1D4487006B5B52 /* DetailView.swift */; };
/* End PBXBuildFile section */

/* Begin PBXFileReference section */
		276578B72A1CFA9B006B5B52 /* sportnews.app */ = {isa = PBXFileReference; explicitFileType = wrapper.application; includeInIndex = 0; path = sportnews.app; sourceTree = BUILT_PRODUCTS_DIR; };
		276578BA2A1CFA9B006B5B52 /* sportnewsApp.swift */ = {isa = PBXFileReference; lastKnownFileType = sourcecode.swift; path = sportnewsApp.swift; sourceTree = "<group>"; };
		276578BC2A1CFA9B006B5B52 /* ContentView.swift */ = {isa = PBXFileReference; lastKnownFileType = sourcecode.swift; path = ContentView.swift; sourceTree = "<group>"; };
		276578BE2A1CFA9C006B5B52 /* Assets.xcassets */ = {isa = PBXFileReference; lastKnownFileType = folder.assetcatalog; path = Assets.xcassets; sourceTree = "<group>"; };
		276578C12A1CFA9C006B5B52 /* Preview Assets.xcassets */ = {isa = PBXFileReference; lastKnownFileType = folder.assetcatalog; path = "Preview Assets.xcassets"; sourceTree = "<group>"; };
		276578C32A1CFA9C006B5B52 /* sportnews.entitlements */ = {isa = PBXFileReference; lastKnownFileType = text.plist.entitlements; path = sportnews.entitlements; sourceTree = "<group>"; };
		276578C92A1CFAB6006B5B52 /* StatusBarController.swift */ = {isa = PBXFileReference; fileEncoding = 4; lastKnownFileType = sourcecode.swift; path = StatusBarController.swift; sourceTree = "<group>"; };
		276578CB2A1CFAC3006B5B52 /* MainMenuView.swift */ = {isa = PBXFileReference; fileEncoding = 4; lastKnownFileType = sourcecode.swift; path = MainMenuView.swift; sourceTree = "<group>"; };
		276578CD2A1CFAF9006B5B52 /* AppDelegate.swift */ = {isa = PBXFileReference; lastKnownFileType = sourcecode.swift; path = AppDelegate.swift; sourceTree = "<group>"; };
		276578CF2A1CFCBF006B5B52 /* Sport.deAPI.swift */ = {isa = PBXFileReference; fileEncoding = 4; lastKnownFileType = sourcecode.swift; path = Sport.deAPI.swift; sourceTree = "<group>"; };
		276578D12A1CFCED006B5B52 /* Logger.swift */ = {isa = PBXFileReference; fileEncoding = 4; lastKnownFileType = sourcecode.swift; path = Logger.swift; sourceTree = "<group>"; };
		276578D62A1CFFA8006B5B52 /* NewsView.swift */ = {isa = PBXFileReference; lastKnownFileType = sourcecode.swift; path = NewsView.swift; sourceTree = "<group>"; };
		276578D92A1D0192006B5B52 /* SportWrangler.swift */ = {isa = PBXFileReference; lastKnownFileType = sourcecode.swift; path = SportWrangler.swift; sourceTree = "<group>"; };
		276578DE2A1D1DB7006B5B52 /* icon.png */ = {isa = PBXFileReference; lastKnownFileType = image.png; path = icon.png; sourceTree = "<group>"; };
		276578E12A1D446F006B5B52 /* String.swift */ = {isa = PBXFileReference; lastKnownFileType = sourcecode.swift; path = String.swift; sourceTree = "<group>"; };
		276578E32A1D4487006B5B52 /* DetailView.swift */ = {isa = PBXFileReference; lastKnownFileType = sourcecode.swift; path = DetailView.swift; sourceTree = "<group>"; };
/* End PBXFileReference section */

/* Begin PBXFrameworksBuildPhase section */
		276578B42A1CFA9B006B5B52 /* Frameworks */ = {
			isa = PBXFrameworksBuildPhase;
			buildActionMask = 2147483647;
			files = (
				276578DD2A1D0772006B5B52 /* Kingfisher in Frameworks */,
				276578D52A1CFE15006B5B52 /* SwiftSoup in Frameworks */,
			);
			runOnlyForDeploymentPostprocessing = 0;
		};
/* End PBXFrameworksBuildPhase section */

/* Begin PBXGroup section */
		276578AE2A1CFA9B006B5B52 = {
			isa = PBXGroup;
			children = (
				276578B92A1CFA9B006B5B52 /* sportnews */,
				276578B82A1CFA9B006B5B52 /* Products */,
			);
			sourceTree = "<group>";
		};
		276578B82A1CFA9B006B5B52 /* Products */ = {
			isa = PBXGroup;
			children = (
				276578B72A1CFA9B006B5B52 /* sportnews.app */,
			);
			name = Products;
			sourceTree = "<group>";
		};
		276578B92A1CFA9B006B5B52 /* sportnews */ = {
			isa = PBXGroup;
			children = (
				276578DE2A1D1DB7006B5B52 /* icon.png */,
				276578E02A1D4465006B5B52 /* Extensions */,
				276578D82A1CFFB1006B5B52 /* Views */,
				276578BA2A1CFA9B006B5B52 /* sportnewsApp.swift */,
				276578CD2A1CFAF9006B5B52 /* AppDelegate.swift */,
				276578BC2A1CFA9B006B5B52 /* ContentView.swift */,
				276578C92A1CFAB6006B5B52 /* StatusBarController.swift */,
				276578CF2A1CFCBF006B5B52 /* Sport.deAPI.swift */,
				276578D12A1CFCED006B5B52 /* Logger.swift */,
				276578BE2A1CFA9C006B5B52 /* Assets.xcassets */,
				276578C32A1CFA9C006B5B52 /* sportnews.entitlements */,
				276578C02A1CFA9C006B5B52 /* Preview Content */,
				276578D92A1D0192006B5B52 /* SportWrangler.swift */,
			);
			path = sportnews;
			sourceTree = "<group>";
		};
		276578C02A1CFA9C006B5B52 /* Preview Content */ = {
			isa = PBXGroup;
			children = (
				276578C12A1CFA9C006B5B52 /* Preview Assets.xcassets */,
			);
			path = "Preview Content";
			sourceTree = "<group>";
		};
		276578D82A1CFFB1006B5B52 /* Views */ = {
			isa = PBXGroup;
			children = (
				276578CB2A1CFAC3006B5B52 /* MainMenuView.swift */,
				276578D62A1CFFA8006B5B52 /* NewsView.swift */,
				276578E32A1D4487006B5B52 /* DetailView.swift */,
			);
			path = Views;
			sourceTree = "<group>";
		};
		276578E02A1D4465006B5B52 /* Extensions */ = {
			isa = PBXGroup;
			children = (
				276578E12A1D446F006B5B52 /* String.swift */,
			);
			path = Extensions;
			sourceTree = "<group>";
		};
/* End PBXGroup section */

/* Begin PBXNativeTarget section */
		276578B62A1CFA9B006B5B52 /* sportnews */ = {
			isa = PBXNativeTarget;
			buildConfigurationList = 276578C62A1CFA9C006B5B52 /* Build configuration list for PBXNativeTarget "sportnews" */;
			buildPhases = (
				276578B32A1CFA9B006B5B52 /* Sources */,
				276578B42A1CFA9B006B5B52 /* Frameworks */,
				276578B52A1CFA9B006B5B52 /* Resources */,
			);
			buildRules = (
			);
			dependencies = (
			);
			name = sportnews;
			packageProductDependencies = (
				276578D42A1CFE15006B5B52 /* SwiftSoup */,
				276578DC2A1D0771006B5B52 /* Kingfisher */,
			);
			productName = sportnews;
			productReference = 276578B72A1CFA9B006B5B52 /* sportnews.app */;
			productType = "com.apple.product-type.application";
		};
/* End PBXNativeTarget section */

/* Begin PBXProject section */
		276578AF2A1CFA9B006B5B52 /* Project object */ = {
			isa = PBXProject;
			attributes = {
				BuildIndependentTargetsInParallel = 1;
				LastSwiftUpdateCheck = 1430;
				LastUpgradeCheck = 1430;
				TargetAttributes = {
					276578B62A1CFA9B006B5B52 = {
						CreatedOnToolsVersion = 14.3;
					};
				};
			};
			buildConfigurationList = 276578B22A1CFA9B006B5B52 /* Build configuration list for PBXProject "sportnews" */;
			compatibilityVersion = "Xcode 14.0";
			developmentRegion = en;
			hasScannedForEncodings = 0;
			knownRegions = (
				en,
				Base,
			);
			mainGroup = 276578AE2A1CFA9B006B5B52;
			packageReferences = (
				276578D32A1CFE15006B5B52 /* XCRemoteSwiftPackageReference "SwiftSoup" */,
				276578DB2A1D0771006B5B52 /* XCRemoteSwiftPackageReference "Kingfisher" */,
			);
			productRefGroup = 276578B82A1CFA9B006B5B52 /* Products */;
			projectDirPath = "";
			projectRoot = "";
			targets = (
				276578B62A1CFA9B006B5B52 /* sportnews */,
			);
		};
/* End PBXProject section */

/* Begin PBXResourcesBuildPhase section */
		276578B52A1CFA9B006B5B52 /* Resources */ = {
			isa = PBXResourcesBuildPhase;
			buildActionMask = 2147483647;
			files = (
				276578C22A1CFA9C006B5B52 /* Preview Assets.xcassets in Resources */,
				276578DF2A1D1DB7006B5B52 /* icon.png in Resources */,
				276578BF2A1CFA9C006B5B52 /* Assets.xcassets in Resources */,
			);
			runOnlyForDeploymentPostprocessing = 0;
		};
/* End PBXResourcesBuildPhase section */

/* Begin PBXSourcesBuildPhase section */
		276578B32A1CFA9B006B5B52 /* Sources */ = {
			isa = PBXSourcesBuildPhase;
			buildActionMask = 2147483647;
			files = (
				276578BD2A1CFA9B006B5B52 /* ContentView.swift in Sources */,
				276578D72A1CFFA8006B5B52 /* NewsView.swift in Sources */,
				276578E22A1D446F006B5B52 /* String.swift in Sources */,
				276578CA2A1CFAB6006B5B52 /* StatusBarController.swift in Sources */,
				276578D02A1CFCC0006B5B52 /* Sport.deAPI.swift in Sources */,
				276578E42A1D4487006B5B52 /* DetailView.swift in Sources */,
				276578CC2A1CFAC4006B5B52 /* MainMenuView.swift in Sources */,
				276578DA2A1D0192006B5B52 /* SportWrangler.swift in Sources */,
				276578D22A1CFCED006B5B52 /* Logger.swift in Sources */,
				276578CE2A1CFAF9006B5B52 /* AppDelegate.swift in Sources */,
				276578BB2A1CFA9B006B5B52 /* sportnewsApp.swift in Sources */,
			);
			runOnlyForDeploymentPostprocessing = 0;
		};
/* End PBXSourcesBuildPhase section */

/* Begin XCBuildConfiguration section */
		276578C42A1CFA9C006B5B52 /* Debug */ = {
			isa = XCBuildConfiguration;
			buildSettings = {
				ALWAYS_SEARCH_USER_PATHS = NO;
				CLANG_ANALYZER_NONNULL = YES;
				CLANG_ANALYZER_NUMBER_OBJECT_CONVERSION = YES_AGGRESSIVE;
				CLANG_CXX_LANGUAGE_STANDARD = "gnu++20";
				CLANG_ENABLE_MODULES = YES;
				CLANG_ENABLE_OBJC_ARC = YES;
				CLANG_ENABLE_OBJC_WEAK = YES;
				CLANG_WARN_BLOCK_CAPTURE_AUTORELEASING = YES;
				CLANG_WARN_BOOL_CONVERSION = YES;
				CLANG_WARN_COMMA = YES;
				CLANG_WARN_CONSTANT_CONVERSION = YES;
				CLANG_WARN_DEPRECATED_OBJC_IMPLEMENTATIONS = YES;
				CLANG_WARN_DIRECT_OBJC_ISA_USAGE = YES_ERROR;
				CLANG_WARN_DOCUMENTATION_COMMENTS = YES;
				CLANG_WARN_EMPTY_BODY = YES;
				CLANG_WARN_ENUM_CONVERSION = YES;
				CLANG_WARN_INFINITE_RECURSION = YES;
				CLANG_WARN_INT_CONVERSION = YES;
				CLANG_WARN_NON_LITERAL_NULL_CONVERSION = YES;
				CLANG_WARN_OBJC_IMPLICIT_RETAIN_SELF = YES;
				CLANG_WARN_OBJC_LITERAL_CONVERSION = YES;
				CLANG_WARN_OBJC_ROOT_CLASS = YES_ERROR;
				CLANG_WARN_QUOTED_INCLUDE_IN_FRAMEWORK_HEADER = YES;
				CLANG_WARN_RANGE_LOOP_ANALYSIS = YES;
				CLANG_WARN_STRICT_PROTOTYPES = YES;
				CLANG_WARN_SUSPICIOUS_MOVE = YES;
				CLANG_WARN_UNGUARDED_AVAILABILITY = YES_AGGRESSIVE;
				CLANG_WARN_UNREACHABLE_CODE = YES;
				CLANG_WARN__DUPLICATE_METHOD_MATCH = YES;
				COPY_PHASE_STRIP = NO;
				DEBUG_INFORMATION_FORMAT = dwarf;
				ENABLE_STRICT_OBJC_MSGSEND = YES;
				ENABLE_TESTABILITY = YES;
				GCC_C_LANGUAGE_STANDARD = gnu11;
				GCC_DYNAMIC_NO_PIC = NO;
				GCC_NO_COMMON_BLOCKS = YES;
				GCC_OPTIMIZATION_LEVEL = 0;
				GCC_PREPROCESSOR_DEFINITIONS = (
					"DEBUG=1",
					"$(inherited)",
				);
				GCC_WARN_64_TO_32_BIT_CONVERSION = YES;
				GCC_WARN_ABOUT_RETURN_TYPE = YES_ERROR;
				GCC_WARN_UNDECLARED_SELECTOR = YES;
				GCC_WARN_UNINITIALIZED_AUTOS = YES_AGGRESSIVE;
				GCC_WARN_UNUSED_FUNCTION = YES;
				GCC_WARN_UNUSED_VARIABLE = YES;
				MACOSX_DEPLOYMENT_TARGET = 13.2;
				MTL_ENABLE_DEBUG_INFO = INCLUDE_SOURCE;
				MTL_FAST_MATH = YES;
				ONLY_ACTIVE_ARCH = YES;
				SDKROOT = macosx;
				SWIFT_ACTIVE_COMPILATION_CONDITIONS = DEBUG;
				SWIFT_OPTIMIZATION_LEVEL = "-Onone";
			};
			name = Debug;
		};
		276578C52A1CFA9C006B5B52 /* Release */ = {
			isa = XCBuildConfiguration;
			buildSettings = {
				ALWAYS_SEARCH_USER_PATHS = NO;
				CLANG_ANALYZER_NONNULL = YES;
				CLANG_ANALYZER_NUMBER_OBJECT_CONVERSION = YES_AGGRESSIVE;
				CLANG_CXX_LANGUAGE_STANDARD = "gnu++20";
				CLANG_ENABLE_MODULES = YES;
				CLANG_ENABLE_OBJC_ARC = YES;
				CLANG_ENABLE_OBJC_WEAK = YES;
				CLANG_WARN_BLOCK_CAPTURE_AUTORELEASING = YES;
				CLANG_WARN_BOOL_CONVERSION = YES;
				CLANG_WARN_COMMA = YES;
				CLANG_WARN_CONSTANT_CONVERSION = YES;
				CLANG_WARN_DEPRECATED_OBJC_IMPLEMENTATIONS = YES;
				CLANG_WARN_DIRECT_OBJC_ISA_USAGE = YES_ERROR;
				CLANG_WARN_DOCUMENTATION_COMMENTS = YES;
				CLANG_WARN_EMPTY_BODY = YES;
				CLANG_WARN_ENUM_CONVERSION = YES;
				CLANG_WARN_INFINITE_RECURSION = YES;
				CLANG_WARN_INT_CONVERSION = YES;
				CLANG_WARN_NON_LITERAL_NULL_CONVERSION = YES;
				CLANG_WARN_OBJC_IMPLICIT_RETAIN_SELF = YES;
				CLANG_WARN_OBJC_LITERAL_CONVERSION = YES;
				CLANG_WARN_OBJC_ROOT_CLASS = YES_ERROR;
				CLANG_WARN_QUOTED_INCLUDE_IN_FRAMEWORK_HEADER = YES;
				CLANG_WARN_RANGE_LOOP_ANALYSIS = YES;
				CLANG_WARN_STRICT_PROTOTYPES = YES;
				CLANG_WARN_SUSPICIOUS_MOVE = YES;
				CLANG_WARN_UNGUARDED_AVAILABILITY = YES_AGGRESSIVE;
				CLANG_WARN_UNREACHABLE_CODE = YES;
				CLANG_WARN__DUPLICATE_METHOD_MATCH = YES;
				COPY_PHASE_STRIP = NO;
				DEBUG_INFORMATION_FORMAT = "dwarf-with-dsym";
				ENABLE_NS_ASSERTIONS = NO;
				ENABLE_STRICT_OBJC_MSGSEND = YES;
				GCC_C_LANGUAGE_STANDARD = gnu11;
				GCC_NO_COMMON_BLOCKS = YES;
				GCC_WARN_64_TO_32_BIT_CONVERSION = YES;
				GCC_WARN_ABOUT_RETURN_TYPE = YES_ERROR;
				GCC_WARN_UNDECLARED_SELECTOR = YES;
				GCC_WARN_UNINITIALIZED_AUTOS = YES_AGGRESSIVE;
				GCC_WARN_UNUSED_FUNCTION = YES;
				GCC_WARN_UNUSED_VARIABLE = YES;
				MACOSX_DEPLOYMENT_TARGET = 13.2;
				MTL_ENABLE_DEBUG_INFO = NO;
				MTL_FAST_MATH = YES;
				SDKROOT = macosx;
				SWIFT_COMPILATION_MODE = wholemodule;
				SWIFT_OPTIMIZATION_LEVEL = "-O";
			};
			name = Release;
		};
		276578C72A1CFA9C006B5B52 /* Debug */ = {
			isa = XCBuildConfiguration;
			buildSettings = {
				ASSETCATALOG_COMPILER_APPICON_NAME = AppIcon;
				ASSETCATALOG_COMPILER_GLOBAL_ACCENT_COLOR_NAME = AccentColor;
				ASSETCATALOG_COMPILER_INCLUDE_ALL_APPICON_ASSETS = YES;
				CODE_SIGN_ENTITLEMENTS = sportnews/sportnews.entitlements;
				CODE_SIGN_STYLE = Automatic;
				COMBINE_HIDPI_IMAGES = YES;
				CURRENT_PROJECT_VERSION = 1;
				DEVELOPMENT_ASSET_PATHS = "\"sportnews/Preview Content\"";
				DEVELOPMENT_TEAM = 28D66FZKZF;
				ENABLE_HARDENED_RUNTIME = YES;
				ENABLE_PREVIEWS = YES;
				GENERATE_INFOPLIST_FILE = YES;
				INFOPLIST_KEY_NSHumanReadableCopyright = "";
				LD_RUNPATH_SEARCH_PATHS = (
					"$(inherited)",
					"@executable_path/../Frameworks",
				);
				MARKETING_VERSION = 1.0;
				PRODUCT_BUNDLE_IDENTIFIER = com.lilaq.sportnews;
				PRODUCT_NAME = "$(TARGET_NAME)";
				SWIFT_EMIT_LOC_STRINGS = YES;
				SWIFT_VERSION = 5.0;
			};
			name = Debug;
		};
		276578C82A1CFA9C006B5B52 /* Release */ = {
			isa = XCBuildConfiguration;
			buildSettings = {
				ASSETCATALOG_COMPILER_APPICON_NAME = AppIcon;
				ASSETCATALOG_COMPILER_GLOBAL_ACCENT_COLOR_NAME = AccentColor;
				ASSETCATALOG_COMPILER_INCLUDE_ALL_APPICON_ASSETS = YES;
				CODE_SIGN_ENTITLEMENTS = sportnews/sportnews.entitlements;
				CODE_SIGN_STYLE = Automatic;
				COMBINE_HIDPI_IMAGES = YES;
				CURRENT_PROJECT_VERSION = 1;
				DEVELOPMENT_ASSET_PATHS = "\"sportnews/Preview Content\"";
				DEVELOPMENT_TEAM = 28D66FZKZF;
				ENABLE_HARDENED_RUNTIME = YES;
				ENABLE_PREVIEWS = YES;
				GENERATE_INFOPLIST_FILE = YES;
				INFOPLIST_KEY_NSHumanReadableCopyright = "";
				LD_RUNPATH_SEARCH_PATHS = (
					"$(inherited)",
					"@executable_path/../Frameworks",
				);
				MARKETING_VERSION = 1.0;
				PRODUCT_BUNDLE_IDENTIFIER = com.lilaq.sportnews;
				PRODUCT_NAME = "$(TARGET_NAME)";
				SWIFT_EMIT_LOC_STRINGS = YES;
				SWIFT_VERSION = 5.0;
			};
			name = Release;
		};
/* End XCBuildConfiguration section */

/* Begin XCConfigurationList section */
		276578B22A1CFA9B006B5B52 /* Build configuration list for PBXProject "sportnews" */ = {
			isa = XCConfigurationList;
			buildConfigurations = (
				276578C42A1CFA9C006B5B52 /* Debug */,
				276578C52A1CFA9C006B5B52 /* Release */,
			);
			defaultConfigurationIsVisible = 0;
			defaultConfigurationName = Release;
		};
		276578C62A1CFA9C006B5B52 /* Build configuration list for PBXNativeTarget "sportnews" */ = {
			isa = XCConfigurationList;
			buildConfigurations = (
				276578C72A1CFA9C006B5B52 /* Debug */,
				276578C82A1CFA9C006B5B52 /* Release */,
			);
			defaultConfigurationIsVisible = 0;
			defaultConfigurationName = Release;
		};
/* End XCConfigurationList section */

/* Begin XCRemoteSwiftPackageReference section */
		276578D32A1CFE15006B5B52 /* XCRemoteSwiftPackageReference "SwiftSoup" */ = {
			isa = XCRemoteSwiftPackageReference;
			repositoryURL = "https://github.com/scinfu/SwiftSoup";
			requirement = {
				kind = upToNextMajorVersion;
				minimumVersion = 2.0.0;
			};
		};
		276578DB2A1D0771006B5B52 /* XCRemoteSwiftPackageReference "Kingfisher" */ = {
			isa = XCRemoteSwiftPackageReference;
			repositoryURL = "https://github.com/onevcat/Kingfisher";
			requirement = {
				kind = upToNextMajorVersion;
				minimumVersion = 7.0.0;
			};
		};
/* End XCRemoteSwiftPackageReference section */

/* Begin XCSwiftPackageProductDependency section */
		276578D42A1CFE15006B5B52 /* SwiftSoup */ = {
			isa = XCSwiftPackageProductDependency;
			package = 276578D32A1CFE15006B5B52 /* XCRemoteSwiftPackageReference "SwiftSoup" */;
			productName = SwiftSoup;
		};
		276578DC2A1D0771006B5B52 /* Kingfisher */ = {
			isa = XCSwiftPackageProductDependency;
			package = 276578DB2A1D0771006B5B52 /* XCRemoteSwiftPackageReference "Kingfisher" */;
			productName = Kingfisher;
		};
/* End XCSwiftPackageProductDependency section */
	};
	rootObject = 276578AF2A1CFA9B006B5B52 /* Project object */;
}
